Microsoft Visual Studio Solution File, Format Version 12.00
# Visual Studio Version 17
VisualStudioVersion = 17.5.2.0
MinimumVisualStudioVersion = 10.0.40219.1
Project("{FAE04EC0-301F-11D3-BF4B-00C04F79EFBC}") = "AdventureWorksDemo", "AdventureWorksDemo.csproj", "{E6BCFC55-3612-3CDC-3634-7AD6C1DFC414}"
EndProject
Global
	GlobalSection(SolutionConfigurationPlatforms) = preSolution
		Debug|Any CPU = Debug|Any CPU
		Release|Any CPU = Release|Any CPU
	EndGlobalSection
	GlobalSection(ProjectConfigurationPlatforms) = postSolution
		{E6BCFC55-3612-3CDC-3634-7AD6C1DFC414}.Debug|Any CPU.ActiveCfg = Debug|Any CPU
		{E6BCFC55-3612-3CDC-3634-7AD6C1DFC414}.Debug|Any CPU.Build.0 = Debug|Any CPU
		{E6BCFC55-3612-3CDC-3634-7AD6C1DFC414}.Release|Any CPU.ActiveCfg = Release|Any CPU
		{E6BCFC55-3612-3CDC-3634-7AD6C1DFC414}.Release|Any CPU.Build.0 = Release|Any CPU
	EndGlobalSection
	GlobalSection(SolutionProperties) = preSolution
		HideSolutionNode = FALSE
	EndGlobalSection
	GlobalSection(ExtensibilityGlobals) = postSolution
		SolutionGuid = {3697909A-517E-49C0-937E-40E39AA3716A}
	EndGlobalSection
EndGlobal
